
Microsoft Visual Studio Solution File, Format Version 12.00
# Visual Studio 15
VisualStudioVersion = 15.0.28307.329
MinimumVisualStudioVersion = 10.0.40219.1
Project("{8BC9CEB8-8B4A-11D0-8D11-00A0C91BC942}") = "PalicoEngine", "PalicoEngine\PalicoEngine.vcxproj", "{5ED41DAE-BD35-4175-A00A-0205E8D214EA}"
EndProject
Project("{8BC9CEB8-8B4A-11D0-8D11-00A0C91BC942}") = "PokemonGhost", "PokemonGhost\PokemonGhost.vcxproj", "{0F14B671-D5F7-425F-BA9D-A496095D6276}"
EndProject
Global
	GlobalSection(SolutionConfigurationPlatforms) = preSolution
		Debug|x64 = Debug|x64
		Debug|x86 = Debug|x86
		Release|x64 = Release|x64
		Release|x86 = Release|x86
	EndGlobalSection
	GlobalSection(ProjectConfigurationPlatforms) = postSolution
		{5ED41DAE-BD35-4175-A00A-0205E8D214EA}.Debug|x64.ActiveCfg = Debug|x64
		{5ED41DAE-BD35-4175-A00A-0205E8D214EA}.Debug|x64.Build.0 = Debug|x64
		{5ED41DAE-BD35-4175-A00A-0205E8D214EA}.Debug|x86.ActiveCfg = Debug|Win32
		{5ED41DAE-BD35-4175-A00A-0205E8D214EA}.Debug|x86.Build.0 = Debug|Win32
		{5ED41DAE-BD35-4175-A00A-0205E8D214EA}.Release|x64.ActiveCfg = Release|x64
		{5ED41DAE-BD35-4175-A00A-0205E8D214EA}.Release|x64.Build.0 = Release|x64
		{5ED41DAE-BD35-4175-A00A-0205E8D214EA}.Release|x86.ActiveCfg = Release|Win32
		{5ED41DAE-BD35-4175-A00A-0205E8D214EA}.Release|x86.Build.0 = Release|Win32
		{0F14B671-D5F7-425F-BA9D-A496095D6276}.Debug|x64.ActiveCfg = Debug|x64
		{0F14B671-D5F7-425F-BA9D-A496095D6276}.Debug|x64.Build.0 = Debug|x64
		{0F14B671-D5F7-425F-BA9D-A496095D6276}.Debug|x86.ActiveCfg = Debug|Win32
		{0F14B671-D5F7-425F-BA9D-A496095D6276}.Debug|x86.Build.0 = Debug|Win32
		{0F14B671-D5F7-425F-BA9D-A496095D6276}.Release|x64.ActiveCfg = Release|x64
		{0F14B671-D5F7-425F-BA9D-A496095D6276}.Release|x64.Build.0 = Release|x64
		{0F14B671-D5F7-425F-BA9D-A496095D6276}.Release|x86.ActiveCfg = Release|Win32
		{0F14B671-D5F7-425F-BA9D-A496095D6276}.Release|x86.Build.0 = Release|Win32
	EndGlobalSection
	GlobalSection(SolutionProperties) = preSolution
		HideSolutionNode = FALSE
	EndGlobalSection
	GlobalSection(ExtensibilityGlobals) = postSolution
		SolutionGuid = {20AF2830-687B-44ED-9E81-476CCA6C68E0}
	EndGlobalSection
EndGlobal
